
Microsoft Visual Studio Solution File, Format Version 12.00
# Visual Studio Version 17
VisualStudioVersion = 17.3.32929.385
MinimumVisualStudioVersion = 10.0.40219.1
Project("{FAE04EC0-301F-11D3-BF4B-00C04F79EFBC}") = "Bai01", "Bai01.csproj", "{C6A1236E-F15F-477D-A892-040EAE423940}"
EndProject
Global
	GlobalSection(SolutionConfigurationPlatforms) = preSolution
		Debug|Any CPU = Debug|Any CPU
		Release|Any CPU = Release|Any CPU
	EndGlobalSection
	GlobalSection(ProjectConfigurationPlatforms) = postSolution
		{C6A1236E-F15F-477D-A892-040EAE423940}.Debug|Any CPU.ActiveCfg = Debug|Any CPU
		{C6A1236E-F15F-477D-A892-040EAE423940}.Debug|Any CPU.Build.0 = Debug|Any CPU
		{C6A1236E-F15F-477D-A892-040EAE423940}.Release|Any CPU.ActiveCfg = Release|Any CPU
		{C6A1236E-F15F-477D-A892-040EAE423940}.Release|Any CPU.Build.0 = Release|Any CPU
	EndGlobalSection
	GlobalSection(SolutionProperties) = preSolution
		HideSolutionNode = FALSE
	EndGlobalSection
	GlobalSection(ExtensibilityGlobals) = postSolution
		SolutionGuid = {C29E76F1-9313-4883-AA69-33250B71AC1E}
	EndGlobalSection
EndGlobal
